
Microsoft Visual Studio Solution File, Format Version 12.00
# Visual Studio 15
VisualStudioVersion = 15.0.28010.2003
MinimumVisualStudioVersion = 10.0.40219.1
Project("{2150E333-8FDC-42A3-9474-1A3956D46DE8}") = "Apresentacao", "Apresentacao", "{32078F58-E57F-4276-9EFD-7BED8F24E9A9}"
EndProject
Project("{FAE04EC0-301F-11D3-BF4B-00C04F79EFBC}") = "LDSI.Lwg.Apresentacao", "LDSI.Lwg.Apresentacao\LDSI.Lwg.Apresentacao.csproj", "{5E77CB4E-1D0A-4CC4-91F7-2C8491195898}"
EndProject
Global
	GlobalSection(SolutionConfigurationPlatforms) = preSolution
		Debug|Any CPU = Debug|Any CPU
		Release|Any CPU = Release|Any CPU
	EndGlobalSection
	GlobalSection(ProjectConfigurationPlatforms) = postSolution
		{5E77CB4E-1D0A-4CC4-91F7-2C8491195898}.Debug|Any CPU.ActiveCfg = Debug|Any CPU
		{5E77CB4E-1D0A-4CC4-91F7-2C8491195898}.Debug|Any CPU.Build.0 = Debug|Any CPU
		{5E77CB4E-1D0A-4CC4-91F7-2C8491195898}.Release|Any CPU.ActiveCfg = Release|Any CPU
		{5E77CB4E-1D0A-4CC4-91F7-2C8491195898}.Release|Any CPU.Build.0 = Release|Any CPU
	EndGlobalSection
	GlobalSection(SolutionProperties) = preSolution
		HideSolutionNode = FALSE
	EndGlobalSection
	GlobalSection(NestedProjects) = preSolution
		{5E77CB4E-1D0A-4CC4-91F7-2C8491195898} = {32078F58-E57F-4276-9EFD-7BED8F24E9A9}
	EndGlobalSection
	GlobalSection(ExtensibilityGlobals) = postSolution
		SolutionGuid = {A95B12F1-A55B-47BE-8BF0-21A9AD0152F1}
	EndGlobalSection
EndGlobal
